
Microsoft Visual Studio Solution File, Format Version 12.00
# Visual Studio Version 17
VisualStudioVersion = 17.4.33213.308
MinimumVisualStudioVersion = 10.0.40219.1
Project("{8BC9CEB8-8B4A-11D0-8D11-00A0C91BC942}") = "CheckWinAppSdk", "CheckWinAppSdk\CheckWinAppSdk.vcxproj", "{78C71943-EC1E-4435-8DF1-9B848F95A4F9}"
EndProject
Global
	GlobalSection(SolutionConfigurationPlatforms) = preSolution
		Debug|x86 = Debug|x86
		Release|x86 = Release|x86
	EndGlobalSection
	GlobalSection(ProjectConfigurationPlatforms) = postSolution
		{78C71943-EC1E-4435-8DF1-9B848F95A4F9}.Debug|x86.ActiveCfg = Debug|Win32
		{78C71943-EC1E-4435-8DF1-9B848F95A4F9}.Debug|x86.Build.0 = Debug|Win32
		{78C71943-EC1E-4435-8DF1-9B848F95A4F9}.Release|x86.ActiveCfg = Release|Win32
		{78C71943-EC1E-4435-8DF1-9B848F95A4F9}.Release|x86.Build.0 = Release|Win32
	EndGlobalSection
	GlobalSection(SolutionProperties) = preSolution
		HideSolutionNode = FALSE
	EndGlobalSection
	GlobalSection(ExtensibilityGlobals) = postSolution
		SolutionGuid = {EA54FD75-F96D-4EDE-8F35-3D79C5CDA2A2}
	EndGlobalSection
EndGlobal
